github.com/dave/jennifer v1.4.0 h1:tNJFJmLDVTLu+v05mVZ88RINa3vQqnyyWkTKWYz0CwE=
github.com/dave/jennifer v1.4.0/go.mod h1:fIb+770HOpJ2fmN9EPPKOqm1vMGhB+TwXKMZhrIygKg=
github.com/iancoleman/strcase v0.0.0-20191112232945-16388991a334 h1:VHgatEHNcBFEB7inlalqfNqw65aNkM1lGX2yt3NmbS8=
github.com/iancoleman/strcase v0.0.0-20191112232945-16388991a334/go.mod h1:SK73tn/9oHe+/Y0h39VT4UCxmurVJkR5NA7kMEAOgSE=
github.com/worldiety/tools v0.0.0-20200212082613-58b7ef18c251 h1:+gfTV6SAEAHpSEtjA3Z0Z/rQ6UkNfUm/UGbcBh1v6FE=
github.com/worldiety/tools v0.0.0-20200212082613-58b7ef18c251/go.mod h1:HV0dc8fhU6VrnvZAKAwY5mwTz+3S3KZV0go5jitCN20=
github.com/worldiety/tools v0.0.0-20200212083139-ab4898706f1a h1:+v7D7tb93vKH6potrrXT5f02KepLp/37Sivz+JNLUxE=
github.com/worldiety/tools v0.0.0-20200212083139-ab4898706f1a/go.mod h1:HV0dc8fhU6VrnvZAKAwY5mwTz+3S3KZV0go5jitCN20=
github.com/worldiety/tools v0.0.0-20200212093255-2a3e6e2dd060 h1:SiHPqZveP4FpshBOEEZlBzdIDgsGohAB2VFVTTovvXA=
github.com/worldiety/tools v0.0.0-20200212093255-2a3e6e2dd060/go.mod h1:UWAhh+6RdP5npsQH++W2dgqdF4pTBEvzcpp3tWhHhV8=
github.com/worldiety/tools v0.0.0-20200212094208-f366137f1df5 h1:RKSdEk4qjX/OuaG7+0GqwrSIYJYienc2nY/1ws+ZV3Y=
github.com/worldiety/tools v0.0.0-20200212094208-f366137f1df5/go.mod h1:UWAhh+6RdP5npsQH++W2dgqdF4pTBEvzcpp3tWhHhV8=
github.com/worldiety/tools v0.0.0-20200212095042-da9114d80da1 h1:AD5dldXMD09aA4n2ZfboeVHp/cXy9iG7kqui42PwQUA=
github.com/worldiety/tools v0.0.0-20200212095042-da9114d80da1/go.mod h1:UWAhh+6RdP5npsQH++W2dgqdF4pTBEvzcpp3tWhHhV8=
golang.org/x/crypto v0.0.0-20190308221718-c2843e01d9a2/go.mod h1:djNgcEr1/C05ACkg1iLfiJU5Ep61QUkGW8qpdssI0+w=
golang.org/x/crypto v0.0.0-20191011191535-87dc89f01550/go.mod h1:yigFU9vqHzYiE8UmvKecakEJjdnWj3jj499lnFckfCI=
golang.org/x/lint v0.0.0-20200130185559-910be7a94367/go.mod h1:3xt1FjdF8hUf6vQPIChWIBhFzV8gjjsPE/fR3IyQdNY=
golang.org/x/mod v0.1.1-0.20191105210325-c90efee705ee/go.mod h1:QqPTAvyqsEbceGzBzNggFXnrqF1CaUcvgkdR5Ot7KZg=
golang.org/x/net v0.0.0-20190404232315-eb5bcb51f2a3/go.mod h1:t9HGtf8HONx5eT2rtn7q6eTqICYqUVnKs3thJo3Qplg=
golang.org/x/net v0.0.0-20190620200207-3b0461eec859/go.mod h1:z5CRVTTTmAJ677TzLLGU+0bjPO0LkuOLi4/5GtJWs/s=
golang.org/x/sync v0.0.0-20190423024810-112230192c58/go.mod h1:RxMgew5VJxzue5/jJTE5uejpjVlOe/izrB70Jof72aM=
golang.org/x/sys v0.0.0-20190215142949-d0b11bdaac8a/go.mod h1:STP8DvDyc/dI5b8T5hshtkjS+E42TnysNCUPdjciGhY=
golang.org/x/sys v0.0.0-20190412213103-97732733099d/go.mod h1:h1NjWce9XRLGQEsW7wpKNCjG9DtNlClVuFLEZdDNbEs=
golang.org/x/text v0.3.0/go.mod h1:NqM8EUOU14njkJ3fqMW+pc6Ldnwhi/IjpwHt7yyuwOQ=
golang.org/x/text v0.3.2 h1:tW2bmiBqwgJj/UpqtC8EpXEZVYOwU0yG4iWbprSVAcs=
golang.org/x/text v0.3.2/go.mod h1:bEr9sfX3Q8Zfm5fL9x+3itogRgK3+ptLWKqgva+5dAk=
golang.org/x/tools v0.0.0-20180917221912-90fa682c2a6e/go.mod h1:n7NCudcB/nEzxVGmLbDWY5pfWTLqBcC2KZ6jyYvM4mQ=
golang.org/x/tools v0.0.0-20200130002326-2f3ba24bd6e7/go.mod h1:TB2adYChydJhpapKDTa4BR/hXlZSLoq2Wpct/0txZ28=
golang.org/x/tools v0.0.0-20200211205636-11eff242d136 h1:yFWeDNMOyrJIQNtXrNR5smCrv+Y4IN6Ul42TzAXxd9k=
golang.org/x/tools v0.0.0-20200211205636-11eff242d136/go.mod h1:TB2adYChydJhpapKDTa4BR/hXlZSLoq2Wpct/0txZ28=
golang.org/x/xerrors v0.0.0-20191011141410-1b5146add898/go.mod h1:I/5z698sn9Ka8TeJc9MKroUUfqBBauWjQqLJ2OPfmY0=
